
Microsoft Visual Studio Solution File, Format Version 12.00
# Visual Studio 2012
Project("{FAE04EC0-301F-11D3-BF4B-00C04F79EFBC}") = "Application.DependencyResolver", "Application.DependencyResolver\Application.DependencyResolver.csproj", "{E3AA0EC1-588E-4264-9FA1-A3BA3AC1D055}"
EndProject
Project("{2150E333-8FDC-42A3-9474-1A3956D46DE8}") = "Resources", "Resources", "{EFA1C0C6-C603-42B3-BB49-73C399D0D2BE}"
EndProject
Project("{FAE04EC0-301F-11D3-BF4B-00C04F79EFBC}") = "Application.Resources", "Application.Resources\Application.Resources.csproj", "{CD974BB9-5DB7-4F5C-AD7D-04CDCFA2FDA4}"
EndProject
Project("{FAE04EC0-301F-11D3-BF4B-00C04F79EFBC}") = "Application.Domain", "Application.Domain\Application.Domain.csproj", "{B96F9030-D448-402C-9F68-883887BF3A24}"
EndProject
Project("{FAE04EC0-301F-11D3-BF4B-00C04F79EFBC}") = "Application.Manager", "Application.Manager\Application.Manager.csproj", "{07751F94-BBB9-4FE3-8E12-652CF60C3CAF}"
EndProject
Project("{FAE04EC0-301F-11D3-BF4B-00C04F79EFBC}") = "Application.DTO", "Application.DTO\Application.DTO.csproj", "{639C7772-7694-4018-A161-42140CA3340B}"
EndProject
Project("{FAE04EC0-301F-11D3-BF4B-00C04F79EFBC}") = "Application.DAL", "Application.DAL\Application.DAL.csproj", "{E6750D7A-4369-40F8-94F1-164DEEEF1386}"
EndProject
Project("{FAE04EC0-301F-11D3-BF4B-00C04F79EFBC}") = "Application.Common", "Application.Common\Application.Common.csproj", "{B6CE62BC-9E1D-4B1E-8B97-BF2C0F80ED84}"
EndProject
Project("{FAE04EC0-301F-11D3-BF4B-00C04F79EFBC}") = "Application.Repository", "Application.Repository\Application.Repository.csproj", "{966063AF-9DA9-417D-888A-F0E7F3EE0D23}"
EndProject
Project("{FAE04EC0-301F-11D3-BF4B-00C04F79EFBC}") = "Application.Web", "Application.Web\Application.Web.csproj", "{0B097DED-F361-4C92-BBFA-4695133C0018}"
EndProject
Global
	GlobalSection(SolutionConfigurationPlatforms) = preSolution
		Debug|Any CPU = Debug|Any CPU
		Release|Any CPU = Release|Any CPU
	EndGlobalSection
	GlobalSection(ProjectConfigurationPlatforms) = postSolution
		{E3AA0EC1-588E-4264-9FA1-A3BA3AC1D055}.Debug|Any CPU.ActiveCfg = Debug|Any CPU
		{E3AA0EC1-588E-4264-9FA1-A3BA3AC1D055}.Debug|Any CPU.Build.0 = Debug|Any CPU
		{E3AA0EC1-588E-4264-9FA1-A3BA3AC1D055}.Release|Any CPU.ActiveCfg = Release|Any CPU
		{E3AA0EC1-588E-4264-9FA1-A3BA3AC1D055}.Release|Any CPU.Build.0 = Release|Any CPU
		{CD974BB9-5DB7-4F5C-AD7D-04CDCFA2FDA4}.Debug|Any CPU.ActiveCfg = Debug|Any CPU
		{CD974BB9-5DB7-4F5C-AD7D-04CDCFA2FDA4}.Debug|Any CPU.Build.0 = Debug|Any CPU
		{CD974BB9-5DB7-4F5C-AD7D-04CDCFA2FDA4}.Release|Any CPU.ActiveCfg = Release|Any CPU
		{CD974BB9-5DB7-4F5C-AD7D-04CDCFA2FDA4}.Release|Any CPU.Build.0 = Release|Any CPU
		{B96F9030-D448-402C-9F68-883887BF3A24}.Debug|Any CPU.ActiveCfg = Debug|Any CPU
		{B96F9030-D448-402C-9F68-883887BF3A24}.Debug|Any CPU.Build.0 = Debug|Any CPU
		{B96F9030-D448-402C-9F68-883887BF3A24}.Release|Any CPU.ActiveCfg = Release|Any CPU
		{B96F9030-D448-402C-9F68-883887BF3A24}.Release|Any CPU.Build.0 = Release|Any CPU
		{07751F94-BBB9-4FE3-8E12-652CF60C3CAF}.Debug|Any CPU.ActiveCfg = Debug|Any CPU
		{07751F94-BBB9-4FE3-8E12-652CF60C3CAF}.Debug|Any CPU.Build.0 = Debug|Any CPU
		{07751F94-BBB9-4FE3-8E12-652CF60C3CAF}.Release|Any CPU.ActiveCfg = Release|Any CPU
		{07751F94-BBB9-4FE3-8E12-652CF60C3CAF}.Release|Any CPU.Build.0 = Release|Any CPU
		{639C7772-7694-4018-A161-42140CA3340B}.Debug|Any CPU.ActiveCfg = Debug|Any CPU
		{639C7772-7694-4018-A161-42140CA3340B}.Debug|Any CPU.Build.0 = Debug|Any CPU
		{639C7772-7694-4018-A161-42140CA3340B}.Release|Any CPU.ActiveCfg = Release|Any CPU
		{639C7772-7694-4018-A161-42140CA3340B}.Release|Any CPU.Build.0 = Release|Any CPU
		{E6750D7A-4369-40F8-94F1-164DEEEF1386}.Debug|Any CPU.ActiveCfg = Debug|Any CPU
		{E6750D7A-4369-40F8-94F1-164DEEEF1386}.Debug|Any CPU.Build.0 = Debug|Any CPU
		{E6750D7A-4369-40F8-94F1-164DEEEF1386}.Release|Any CPU.ActiveCfg = Release|Any CPU
		{E6750D7A-4369-40F8-94F1-164DEEEF1386}.Release|Any CPU.Build.0 = Release|Any CPU
		{B6CE62BC-9E1D-4B1E-8B97-BF2C0F80ED84}.Debug|Any CPU.ActiveCfg = Debug|Any CPU
		{B6CE62BC-9E1D-4B1E-8B97-BF2C0F80ED84}.Debug|Any CPU.Build.0 = Debug|Any CPU
		{B6CE62BC-9E1D-4B1E-8B97-BF2C0F80ED84}.Release|Any CPU.ActiveCfg = Release|Any CPU
		{B6CE62BC-9E1D-4B1E-8B97-BF2C0F80ED84}.Release|Any CPU.Build.0 = Release|Any CPU
		{966063AF-9DA9-417D-888A-F0E7F3EE0D23}.Debug|Any CPU.ActiveCfg = Debug|Any CPU
		{966063AF-9DA9-417D-888A-F0E7F3EE0D23}.Debug|Any CPU.Build.0 = Debug|Any CPU
		{966063AF-9DA9-417D-888A-F0E7F3EE0D23}.Release|Any CPU.ActiveCfg = Release|Any CPU
		{966063AF-9DA9-417D-888A-F0E7F3EE0D23}.Release|Any CPU.Build.0 = Release|Any CPU
		{0B097DED-F361-4C92-BBFA-4695133C0018}.Debug|Any CPU.ActiveCfg = Debug|Any CPU
		{0B097DED-F361-4C92-BBFA-4695133C0018}.Debug|Any CPU.Build.0 = Debug|Any CPU
		{0B097DED-F361-4C92-BBFA-4695133C0018}.Release|Any CPU.ActiveCfg = Release|Any CPU
		{0B097DED-F361-4C92-BBFA-4695133C0018}.Release|Any CPU.Build.0 = Release|Any CPU
	EndGlobalSection
	GlobalSection(SolutionProperties) = preSolution
		HideSolutionNode = FALSE
	EndGlobalSection
	GlobalSection(NestedProjects) = preSolution
		{CD974BB9-5DB7-4F5C-AD7D-04CDCFA2FDA4} = {EFA1C0C6-C603-42B3-BB49-73C399D0D2BE}
	EndGlobalSection
	GlobalSection(ExtensibilityGlobals) = postSolution
		EnterpriseLibraryConfigurationToolBinariesPath = packages\Unity.2.1.505.2\lib\NET35
	EndGlobalSection
EndGlobal
